# This file is automatically @generated by Cargo.
# It is not intended for manual editing.
version = 4

[[package]]
name = "issue103"
version = "0.1.0"
dependencies = [
 "spin",
]

[[package]]
name = "lock_api"
version = "0.4.14"
source = "registry+https://github.com/rust-lang/crates.io-index"
checksum = "224399e74b87b5f3557511d98dff8b14089b3dadafcab6bb93eab67d3aace965"
dependencies = [
 "scopeguard",
]

[[package]]
name = "scopeguard"
version = "1.2.0"
source = "registry+https://github.com/rust-lang/crates.io-index"
checksum = "94143f37725109f92c262ed2cf5e59bce7498c01bcc1502d7b9afe439a4e9f49"

[[package]]
name = "spin"
version = "0.12.3"
source = "registry+https://github.com/rust-lang/crates.io-index"
checksum = "0134f9043ed38b087ac4f7d4af44c79e2c9e5094421fe3164f435ce585953b10"
dependencies = [
 "lock_api",
]
